<?xml version="1.0" encoding="UTF-8"?>
<CodeBlocks_project_file>
	<FileVersion major="1" minor="6"/>
	<Project>
		<Option title="code_name"/>
		<Option makefile_is_custom="1"/>
		<Option compiler="gcc"/>
		<Option virtualFolders="CMake Files\;"/>
		<Build>
			<Target title="all">
				<Option working_dir="/users/gephery/github/code-name"/>
				<Option type="4"/>
				<MakeCommands>
					<Build command="/usr/bin/make -j8 -f &quot;/users/gephery/github/code-name/Makefile&quot;  VERBOSE=1 all"/>
					<CompileFile command="/usr/bin/make -j8 -f &quot;/users/gephery/github/code-name/Makefile&quot;  VERBOSE=1 &quot;$file&quot;"/>
					<Clean command="/usr/bin/make -j8 -f &quot;/users/gephery/github/code-name/Makefile&quot;  VERBOSE=1 clean"/>
					<DistClean command="/usr/bin/make -j8 -f &quot;/users/gephery/github/code-name/Makefile&quot;  VERBOSE=1 clean"/>
				</MakeCommands>
			</Target>
			<Target title="rebuild_cache">
				<Option working_dir="/users/gephery/github/code-name"/>
				<Option type="4"/>
				<MakeCommands>
					<Build command="/usr/bin/make -j8 -f &quot;/users/gephery/github/code-name/Makefile&quot;  VERBOSE=1 rebuild_cache"/>
					<CompileFile command="/usr/bin/make -j8 -f &quot;/users/gephery/github/code-name/Makefile&quot;  VERBOSE=1 &quot;$file&quot;"/>
					<Clean command="/usr/bin/make -j8 -f &quot;/users/gephery/github/code-name/Makefile&quot;  VERBOSE=1 clean"/>
					<DistClean command="/usr/bin/make -j8 -f &quot;/users/gephery/github/code-name/Makefile&quot;  VERBOSE=1 clean"/>
				</MakeCommands>
			</Target>
			<Target title="edit_cache">
				<Option working_dir="/users/gephery/github/code-name"/>
				<Option type="4"/>
				<MakeCommands>
					<Build command="/usr/bin/make -j8 -f &quot;/users/gephery/github/code-name/Makefile&quot;  VERBOSE=1 edit_cache"/>
					<CompileFile command="/usr/bin/make -j8 -f &quot;/users/gephery/github/code-name/Makefile&quot;  VERBOSE=1 &quot;$file&quot;"/>
					<Clean command="/usr/bin/make -j8 -f &quot;/users/gephery/github/code-name/Makefile&quot;  VERBOSE=1 clean"/>
					<DistClean command="/usr/bin/make -j8 -f &quot;/users/gephery/github/code-name/Makefile&quot;  VERBOSE=1 clean"/>
				</MakeCommands>
			</Target>
			<Target title="code_name">
				<Option output="/users/gephery/github/code-name/build/code_name" prefix_auto="0" extension_auto="0"/>
				<Option working_dir="/users/gephery/github/code-name/build"/>
				<Option object_output="./"/>
				<Option type="1"/>
				<Option compiler="gcc"/>
				<Compiler>
					<Add directory="/Applications/Xcode.app/Contents/Developer/Toolchains/XcodeDefault.xctoolchain/usr/bin/../include/c++/v1"/>
					<Add directory="/usr/local/include"/>
					<Add directory="/Applications/Xcode.app/Contents/Developer/Toolchains/XcodeDefault.xctoolchain/usr/bin/../lib/clang/8.1.0/include"/>
					<Add directory="/Applications/Xcode.app/Contents/Developer/Toolchains/XcodeDefault.xctoolchain/usr/include"/>
					<Add directory="/usr/include"/>
					<Add directory="/System/Library/Frameworks"/>
					<Add directory="/Library/Frameworks"/>
				</Compiler>
				<MakeCommands>
					<Build command="/usr/bin/make -j8 -f &quot;/users/gephery/github/code-name/Makefile&quot;  VERBOSE=1 code_name"/>
					<CompileFile command="/usr/bin/make -j8 -f &quot;/users/gephery/github/code-name/Makefile&quot;  VERBOSE=1 &quot;$file&quot;"/>
					<Clean command="/usr/bin/make -j8 -f &quot;/users/gephery/github/code-name/Makefile&quot;  VERBOSE=1 clean"/>
					<DistClean command="/usr/bin/make -j8 -f &quot;/users/gephery/github/code-name/Makefile&quot;  VERBOSE=1 clean"/>
				</MakeCommands>
			</Target>
			<Target title="code_name/fast">
				<Option output="/users/gephery/github/code-name/build/code_name" prefix_auto="0" extension_auto="0"/>
				<Option working_dir="/users/gephery/github/code-name/build"/>
				<Option object_output="./"/>
				<Option type="1"/>
				<Option compiler="gcc"/>
				<Compiler>
					<Add directory="/Applications/Xcode.app/Contents/Developer/Toolchains/XcodeDefault.xctoolchain/usr/bin/../include/c++/v1"/>
					<Add directory="/usr/local/include"/>
					<Add directory="/Applications/Xcode.app/Contents/Developer/Toolchains/XcodeDefault.xctoolchain/usr/bin/../lib/clang/8.1.0/include"/>
					<Add directory="/Applications/Xcode.app/Contents/Developer/Toolchains/XcodeDefault.xctoolchain/usr/include"/>
					<Add directory="/usr/include"/>
					<Add directory="/System/Library/Frameworks"/>
					<Add directory="/Library/Frameworks"/>
				</Compiler>
				<MakeCommands>
					<Build command="/usr/bin/make -j8 -f &quot;/users/gephery/github/code-name/Makefile&quot;  VERBOSE=1 code_name/fast"/>
					<CompileFile command="/usr/bin/make -j8 -f &quot;/users/gephery/github/code-name/Makefile&quot;  VERBOSE=1 &quot;$file&quot;"/>
					<Clean command="/usr/bin/make -j8 -f &quot;/users/gephery/github/code-name/Makefile&quot;  VERBOSE=1 clean"/>
					<DistClean command="/usr/bin/make -j8 -f &quot;/users/gephery/github/code-name/Makefile&quot;  VERBOSE=1 clean"/>
				</MakeCommands>
			</Target>
		</Build>
		<Unit filename="/users/gephery/github/code-name/include/model_data.h">
			<Option target="code_name"/>
		</Unit>
		<Unit filename="/users/gephery/github/code-name/include/sprite.h">
			<Option target="code_name"/>
		</Unit>
		<Unit filename="/users/gephery/github/code-name/main.cpp">
			<Option target="code_name"/>
		</Unit>
		<Unit filename="/users/gephery/github/code-name/src/graphics/sprite.cpp">
			<Option target="code_name"/>
		</Unit>
		<Unit filename="/users/gephery/github/code-name/src/graphics/sprite_back.cpp">
			<Option target="code_name"/>
		</Unit>
		<Unit filename="/users/gephery/github/code-name/src/items/item.cpp">
			<Option target="code_name"/>
		</Unit>
		<Unit filename="/users/gephery/github/code-name/src/items/item.h">
			<Option target="code_name"/>
		</Unit>
		<Unit filename="/users/gephery/github/code-name/src/mob/mob.cpp">
			<Option target="code_name"/>
		</Unit>
		<Unit filename="/users/gephery/github/code-name/src/mob/mob.h">
			<Option target="code_name"/>
		</Unit>
		<Unit filename="/users/gephery/github/code-name/src/mob/mob_manager.cpp">
			<Option target="code_name"/>
		</Unit>
		<Unit filename="/users/gephery/github/code-name/src/mob/mob_manager.h">
			<Option target="code_name"/>
		</Unit>
		<Unit filename="/users/gephery/github/code-name/src/windowing/fonter.cpp">
			<Option target="code_name"/>
		</Unit>
		<Unit filename="/users/gephery/github/code-name/src/windowing/fonter.h">
			<Option target="code_name"/>
		</Unit>
		<Unit filename="/users/gephery/github/code-name/src/windowing/game_winda.cpp">
			<Option target="code_name"/>
		</Unit>
		<Unit filename="/users/gephery/github/code-name/src/windowing/game_winda.h">
			<Option target="code_name"/>
		</Unit>
		<Unit filename="/users/gephery/github/code-name/src/windowing/winda_box.cpp">
			<Option target="code_name"/>
		</Unit>
		<Unit filename="/users/gephery/github/code-name/src/windowing/winda_box.h">
			<Option target="code_name"/>
		</Unit>
		<Unit filename="/users/gephery/github/code-name/CMakeLists.txt">
			<Option virtualFolder="CMake Files\"/>
		</Unit>
	</Project>
</CodeBlocks_project_file>
